
Microsoft Visual Studio Solution File, Format Version 12.00
# Visual Studio Version 16
VisualStudioVersion = 16.0.31702.278
MinimumVisualStudioVersion = 10.0.40219.1
Project("{FAE04EC0-301F-11D3-BF4B-00C04F79EFBC}") = "Unsalted", "Unsalted.csproj", "{866DB258-2FA3-4F36-B9A6-F906C7DE5E0C}"
EndProject
Global
	GlobalSection(SolutionConfigurationPlatforms) = preSolution
		Debug|Any CPU = Debug|Any CPU
		Release|Any CPU = Release|Any CPU
	EndGlobalSection
	GlobalSection(ProjectConfigurationPlatforms) = postSolution
		{866DB258-2FA3-4F36-B9A6-F906C7DE5E0C}.Debug|Any CPU.ActiveCfg = Debug|Any CPU
		{866DB258-2FA3-4F36-B9A6-F906C7DE5E0C}.Debug|Any CPU.Build.0 = Debug|Any CPU
		{866DB258-2FA3-4F36-B9A6-F906C7DE5E0C}.Release|Any CPU.ActiveCfg = Release|Any CPU
		{866DB258-2FA3-4F36-B9A6-F906C7DE5E0C}.Release|Any CPU.Build.0 = Release|Any CPU
	EndGlobalSection
	GlobalSection(SolutionProperties) = preSolution
		HideSolutionNode = FALSE
	EndGlobalSection
	GlobalSection(ExtensibilityGlobals) = postSolution
		SolutionGuid = {50B435C1-C439-47FF-871B-9E7D8E82D70A}
	EndGlobalSection
EndGlobal
